// !$*UTF8*$!
{
	archiveVersion = 1;
	classes = {
	};
	objectVersion = 56;
	objects = {

/* Begin PBXBuildFile section */
		67854D162B9E29A600626212 /* AppDelegate.swift in Sources */ = {isa = PBXBuildFile; fileRef = 67854D152B9E29A600626212 /* AppDelegate.swift */; };
		67854D182B9E29A600626212 /* SceneDelegate.swift in Sources */ = {isa = PBXBuildFile; fileRef = 67854D172B9E29A600626212 /* SceneDelegate.swift */; };
		67854D1A2B9E29A600626212 /* ViewController.swift in Sources */ = {isa = PBXBuildFile; fileRef = 67854D192B9E29A600626212 /* ViewController.swift */; };
		67854D1D2B9E29A600626212 /* Base in Resources */ = {isa = PBXBuildFile; fileRef = 67854D1C2B9E29A600626212 /* Base */; };
		67854D1F2B9E29A700626212 /* Assets.xcassets in Resources */ = {isa = PBXBuildFile; fileRef = 67854D1E2B9E29A700626212 /* Assets.xcassets */; };
		67854D222B9E29A700626212 /* Base in Resources */ = {isa = PBXBuildFile; fileRef = 67854D212B9E29A700626212 /* Base */; };
		67854D2D2B9E29A800626212 /* BookRepoTests.swift in Sources */ = {isa = PBXBuildFile; fileRef = 67854D2C2B9E29A800626212 /* BookRepoTests.swift */; };
		67854D372B9E29A800626212 /* BookRepoUITests.swift in Sources */ = {isa = PBXBuildFile; fileRef = 67854D362B9E29A800626212 /* BookRepoUITests.swift */; };
		67854D392B9E29A800626212 /* BookRepoUITestsLaunchTests.swift in Sources */ = {isa = PBXBuildFile; fileRef = 67854D382B9E29A800626212 /* BookRepoUITestsLaunchTests.swift */; };
/* End PBXBuildFile section */

/* Begin PBXContainerItemProxy section */
		67854D292B9E29A800626212 /* PBXContainerItemProxy */ = {
			isa = PBXContainerItemProxy;
			containerPortal = 67854D0A2B9E29A600626212 /* Project object */;
			proxyType = 1;
			remoteGlobalIDString = 67854D112B9E29A600626212;
			remoteInfo = BookRepo;
		};
		67854D332B9E29A800626212 /* PBXContainerItemProxy */ = {
			isa = PBXContainerItemProxy;
			containerPortal = 67854D0A2B9E29A600626212 /* Project object */;
			proxyType = 1;
			remoteGlobalIDString = 67854D112B9E29A600626212;
			remoteInfo = BookRepo;
		};
/* End PBXContainerItemProxy section */

/* Begin PBXFileReference section */
		67854D122B9E29A600626212 /* BookRepo.app */ = {isa = PBXFileReference; explicitFileType = wrapper.application; includeInIndex = 0; path = BookRepo.app; sourceTree = BUILT_PRODUCTS_DIR; };
		67854D152B9E29A600626212 /* AppDelegate.swift */ = {isa = PBXFileReference; lastKnownFileType = sourcecode.swift; path = AppDelegate.swift; sourceTree = "<group>"; };
		67854D172B9E29A600626212 /* SceneDelegate.swift */ = {isa = PBXFileReference; lastKnownFileType = sourcecode.swift; path = SceneDelegate.swift; sourceTree = "<group>"; };
		67854D192B9E29A600626212 /* ViewController.swift */ = {isa = PBXFileReference; lastKnownFileType = sourcecode.swift; path = ViewController.swift; sourceTree = "<group>"; };
		67854D1C2B9E29A600626212 /* Base */ = {isa = PBXFileReference; lastKnownFileType = file.storyboard; name = Base; path = Base.lproj/Main.storyboard; sourceTree = "<group>"; };
		67854D1E2B9E29A700626212 /* Assets.xcassets */ = {isa = PBXFileReference; lastKnownFileType = folder.assetcatalog; path = Assets.xcassets; sourceTree = "<group>"; };
		67854D212B9E29A700626212 /* Base */ = {isa = PBXFileReference; lastKnownFileType = file.storyboard; name = Base; path = Base.lproj/LaunchScreen.storyboard; sourceTree = "<group>"; };
		67854D232B9E29A700626212 /* Info.plist */ = {isa = PBXFileReference; lastKnownFileType = text.plist.xml; path = Info.plist; sourceTree = "<group>"; };
		67854D282B9E29A800626212 /* BookRepoTests.xctest */ = {isa = PBXFileReference; explicitFileType = wrapper.cfbundle; includeInIndex = 0; path = BookRepoTests.xctest; sourceTree = BUILT_PRODUCTS_DIR; };
		67854D2C2B9E29A800626212 /* BookRepoTests.swift */ = {isa = PBXFileReference; lastKnownFileType = sourcecode.swift; path = BookRepoTests.swift; sourceTree = "<group>"; };
		67854D322B9E29A800626212 /* BookRepoUITests.xctest */ = {isa = PBXFileReference; explicitFileType = wrapper.cfbundle; includeInIndex = 0; path = BookRepoUITests.xctest; sourceTree = BUILT_PRODUCTS_DIR; };
		67854D362B9E29A800626212 /* BookRepoUITests.swift */ = {isa = PBXFileReference; lastKnownFileType = sourcecode.swift; path = BookRepoUITests.swift; sourceTree = "<group>"; };
		67854D382B9E29A800626212 /* BookRepoUITestsLaunchTests.swift */ = {isa = PBXFileReference; lastKnownFileType = sourcecode.swift; path = BookRepoUITestsLaunchTests.swift; sourceTree = "<group>"; };
/* End PBXFileReference section */

/* Begin PBXFrameworksBuildPhase section */
		67854D0F2B9E29A600626212 /* Frameworks */ = {
			isa = PBXFrameworksBuildPhase;
			buildActionMask = 2147483647;
			files = (
			);
			runOnlyForDeploymentPostprocessing = 0;
		};
		67854D252B9E29A800626212 /* Frameworks */ = {
			isa = PBXFrameworksBuildPhase;
			buildActionMask = 2147483647;
			files = (
			);
			runOnlyForDeploymentPostprocessing = 0;
		};
		67854D2F2B9E29A800626212 /* Frameworks */ = {
			isa = PBXFrameworksBuildPhase;
			buildActionMask = 2147483647;
			files = (
			);
			runOnlyForDeploymentPostprocessing = 0;
		};
/* End PBXFrameworksBuildPhase section */

/* Begin PBXGroup section */
		67854D092B9E29A600626212 = {
			isa = PBXGroup;
			children = (
				67854D142B9E29A600626212 /* BookRepo */,
				67854D2B2B9E29A800626212 /* BookRepoTests */,
				67854D352B9E29A800626212 /* BookRepoUITests */,
				67854D132B9E29A600626212 /* Products */,
			);
			sourceTree = "<group>";
		};
		67854D132B9E29A600626212 /* Products */ = {
			isa = PBXGroup;
			children = (
				67854D122B9E29A600626212 /* BookRepo.app */,
				67854D282B9E29A800626212 /* BookRepoTests.xctest */,
				67854D322B9E29A800626212 /* BookRepoUITests.xctest */,
			);
			name = Products;
			sourceTree = "<group>";
		};
		67854D142B9E29A600626212 /* BookRepo */ = {
			isa = PBXGroup;
			children = (
				67854D152B9E29A600626212 /* AppDelegate.swift */,
				67854D172B9E29A600626212 /* SceneDelegate.swift */,
				67854D192B9E29A600626212 /* ViewController.swift */,
				67854D1B2B9E29A600626212 /* Main.storyboard */,
				67854D1E2B9E29A700626212 /* Assets.xcassets */,
				67854D202B9E29A700626212 /* LaunchScreen.storyboard */,
				67854D232B9E29A700626212 /* Info.plist */,
			);
			path = BookRepo;
			sourceTree = "<group>";
		};
		67854D2B2B9E29A800626212 /* BookRepoTests */ = {
			isa = PBXGroup;
			children = (
				67854D2C2B9E29A800626212 /* BookRepoTests.swift */,
			);
			path = BookRepoTests;
			sourceTree = "<group>";
		};
		67854D352B9E29A800626212 /* BookRepoUITests */ = {
			isa = PBXGroup;
			children = (
				67854D362B9E29A800626212 /* BookRepoUITests.swift */,
				67854D382B9E29A800626212 /* BookRepoUITestsLaunchTests.swift */,
			);
			path = BookRepoUITests;
			sourceTree = "<group>";
		};
/* End PBXGroup section */

/* Begin PBXNativeTarget section */
		67854D112B9E29A600626212 /* BookRepo */ = {
			isa = PBXNativeTarget;
			buildConfigurationList = 67854D3C2B9E29A800626212 /* Build configuration list for PBXNativeTarget "BookRepo" */;
			buildPhases = (
				67854D0E2B9E29A600626212 /* Sources */,
				67854D0F2B9E29A600626212 /* Frameworks */,
				67854D102B9E29A600626212 /* Resources */,
			);
			buildRules = (
			);
			dependencies = (
			);
			name = BookRepo;
			productName = BookRepo;
			productReference = 67854D122B9E29A600626212 /* BookRepo.app */;
			productType = "com.apple.product-type.application";
		};
		67854D272B9E29A800626212 /* BookRepoTests */ = {
			isa = PBXNativeTarget;
			buildConfigurationList = 67854D3F2B9E29A800626212 /* Build configuration list for PBXNativeTarget "BookRepoTests" */;
			buildPhases = (
				67854D242B9E29A800626212 /* Sources */,
				67854D252B9E29A800626212 /* Frameworks */,
				67854D262B9E29A800626212 /* Resources */,
			);
			buildRules = (
			);
			dependencies = (
				67854D2A2B9E29A800626212 /* PBXTargetDependency */,
			);
			name = BookRepoTests;
			productName = BookRepoTests;
			productReference = 67854D282B9E29A800626212 /* BookRepoTests.xctest */;
			productType = "com.apple.product-type.bundle.unit-test";
		};
		67854D312B9E29A800626212 /* BookRepoUITests */ = {
			isa = PBXNativeTarget;
			buildConfigurationList = 67854D422B9E29A800626212 /* Build configuration list for PBXNativeTarget "BookRepoUITests" */;
			buildPhases = (
				67854D2E2B9E29A800626212 /* Sources */,
				67854D2F2B9E29A800626212 /* Frameworks */,
				67854D302B9E29A800626212 /* Resources */,
			);
			buildRules = (
			);
			dependencies = (
				67854D342B9E29A800626212 /* PBXTargetDependency */,
			);
			name = BookRepoUITests;
			productName = BookRepoUITests;
			productReference = 67854D322B9E29A800626212 /* BookRepoUITests.xctest */;
			productType = "com.apple.product-type.bundle.ui-testing";
		};
/* End PBXNativeTarget section */

/* Begin PBXProject section */
		67854D0A2B9E29A600626212 /* Project object */ = {
			isa = PBXProject;
			attributes = {
				BuildIndependentTargetsInParallel = 1;
				LastSwiftUpdateCheck = 1530;
				LastUpgradeCheck = 1530;
				TargetAttributes = {
					67854D112B9E29A600626212 = {
						CreatedOnToolsVersion = 15.3;
					};
					67854D272B9E29A800626212 = {
						CreatedOnToolsVersion = 15.3;
						TestTargetID = 67854D112B9E29A600626212;
					};
					67854D312B9E29A800626212 = {
						CreatedOnToolsVersion = 15.3;
						TestTargetID = 67854D112B9E29A600626212;
					};
				};
			};
			buildConfigurationList = 67854D0D2B9E29A600626212 /* Build configuration list for PBXProject "BookRepo" */;
			compatibilityVersion = "Xcode 14.0";
			developmentRegion = en;
			hasScannedForEncodings = 0;
			knownRegions = (
				en,
				Base,
			);
			mainGroup = 67854D092B9E29A600626212;
			productRefGroup = 67854D132B9E29A600626212 /* Products */;
			projectDirPath = "";
			projectRoot = "";
			targets = (
				67854D112B9E29A600626212 /* BookRepo */,
				67854D272B9E29A800626212 /* BookRepoTests */,
				67854D312B9E29A800626212 /* BookRepoUITests */,
			);
		};
/* End PBXProject section */

/* Begin PBXResourcesBuildPhase section */
		67854D102B9E29A600626212 /* Resources */ = {
			isa = PBXResourcesBuildPhase;
			buildActionMask = 2147483647;
			files = (
				67854D1F2B9E29A700626212 /* Assets.xcassets in Resources */,
				67854D222B9E29A700626212 /* Base in Resources */,
				67854D1D2B9E29A600626212 /* Base in Resources */,
			);
			runOnlyForDeploymentPostprocessing = 0;
		};
		67854D262B9E29A800626212 /* Resources */ = {
			isa = PBXResourcesBuildPhase;
			buildActionMask = 2147483647;
			files = (
			);
			runOnlyForDeploymentPostprocessing = 0;
		};
		67854D302B9E29A800626212 /* Resources */ = {
			isa = PBXResourcesBuildPhase;
			buildActionMask = 2147483647;
			files = (
			);
			runOnlyForDeploymentPostprocessing = 0;
		};
/* End PBXResourcesBuildPhase section */

/* Begin PBXSourcesBuildPhase section */
		67854D0E2B9E29A600626212 /* Sources */ = {
			isa = PBXSourcesBuildPhase;
			buildActionMask = 2147483647;
			files = (
				67854D1A2B9E29A600626212 /* ViewController.swift in Sources */,
				67854D162B9E29A600626212 /* AppDelegate.swift in Sources */,
				67854D182B9E29A600626212 /* SceneDelegate.swift in Sources */,
			);
			runOnlyForDeploymentPostprocessing = 0;
		};
		67854D242B9E29A800626212 /* Sources */ = {
			isa = PBXSourcesBuildPhase;
			buildActionMask = 2147483647;
			files = (
				67854D2D2B9E29A800626212 /* BookRepoTests.swift in Sources */,
			);
			runOnlyForDeploymentPostprocessing = 0;
		};
		67854D2E2B9E29A800626212 /* Sources */ = {
			isa = PBXSourcesBuildPhase;
			buildActionMask = 2147483647;
			files = (
				67854D392B9E29A800626212 /* BookRepoUITestsLaunchTests.swift in Sources */,
				67854D372B9E29A800626212 /* BookRepoUITests.swift in Sources */,
			);
			runOnlyForDeploymentPostprocessing = 0;
		};
/* End PBXSourcesBuildPhase section */

/* Begin PBXTargetDependency section */
		67854D2A2B9E29A800626212 /* PBXTargetDependency */ = {
			isa = PBXTargetDependency;
			target = 67854D112B9E29A600626212 /* BookRepo */;
			targetProxy = 67854D292B9E29A800626212 /* PBXContainerItemProxy */;
		};
		67854D342B9E29A800626212 /* PBXTargetDependency */ = {
			isa = PBXTargetDependency;
			target = 67854D112B9E29A600626212 /* BookRepo */;
			targetProxy = 67854D332B9E29A800626212 /* PBXContainerItemProxy */;
		};
/* End PBXTargetDependency section */

/* Begin PBXVariantGroup section */
		67854D1B2B9E29A600626212 /* Main.storyboard */ = {
			isa = PBXVariantGroup;
			children = (
				67854D1C2B9E29A600626212 /* Base */,
			);
			name = Main.storyboard;
			sourceTree = "<group>";
		};
		67854D202B9E29A700626212 /* LaunchScreen.storyboard */ = {
			isa = PBXVariantGroup;
			children = (
				67854D212B9E29A700626212 /* Base */,
			);
			name = LaunchScreen.storyboard;
			sourceTree = "<group>";
		};
/* End PBXVariantGroup section */

/* Begin XCBuildConfiguration section */
		67854D3A2B9E29A800626212 /* Debug */ = {
			isa = XCBuildConfiguration;
			buildSettings = {
				ALWAYS_SEARCH_USER_PATHS = NO;
				ASSETCATALOG_COMPILER_GENERATE_SWIFT_ASSET_SYMBOL_EXTENSIONS = YES;
				CLANG_ANALYZER_NONNULL = YES;
				CLANG_ANALYZER_NUMBER_OBJECT_CONVERSION = YES_AGGRESSIVE;
				CLANG_CXX_LANGUAGE_STANDARD = "gnu++20";
				CLANG_ENABLE_MODULES = YES;
				CLANG_ENABLE_OBJC_ARC = YES;
				CLANG_ENABLE_OBJC_WEAK = YES;
				CLANG_WARN_BLOCK_CAPTURE_AUTORELEASING = YES;
				CLANG_WARN_BOOL_CONVERSION = YES;
				CLANG_WARN_COMMA = YES;
				CLANG_WARN_CONSTANT_CONVERSION = YES;
				CLANG_WARN_DEPRECATED_OBJC_IMPLEMENTATIONS = YES;
				CLANG_WARN_DIRECT_OBJC_ISA_USAGE = YES_ERROR;
				CLANG_WARN_DOCUMENTATION_COMMENTS = YES;
				CLANG_WARN_EMPTY_BODY = YES;
				CLANG_WARN_ENUM_CONVERSION = YES;
				CLANG_WARN_INFINITE_RECURSION = YES;
				CLANG_WARN_INT_CONVERSION = YES;
				CLANG_WARN_NON_LITERAL_NULL_CONVERSION = YES;
				CLANG_WARN_OBJC_IMPLICIT_RETAIN_SELF = YES;
				CLANG_WARN_OBJC_LITERAL_CONVERSION = YES;
				CLANG_WARN_OBJC_ROOT_CLASS = YES_ERROR;
				CLANG_WARN_QUOTED_INCLUDE_IN_FRAMEWORK_HEADER = YES;
				CLANG_WARN_RANGE_LOOP_ANALYSIS = YES;
				CLANG_WARN_STRICT_PROTOTYPES = YES;
				CLANG_WARN_SUSPICIOUS_MOVE = YES;
				CLANG_WARN_UNGUARDED_AVAILABILITY = YES_AGGRESSIVE;
				CLANG_WARN_UNREACHABLE_CODE = YES;
				CLANG_WARN__DUPLICATE_METHOD_MATCH = YES;
				COPY_PHASE_STRIP = NO;
				DEBUG_INFORMATION_FORMAT = dwarf;
				ENABLE_STRICT_OBJC_MSGSEND = YES;
				ENABLE_TESTABILITY = YES;
				ENABLE_USER_SCRIPT_SANDBOXING = YES;
				GCC_C_LANGUAGE_STANDARD = gnu17;
				GCC_DYNAMIC_NO_PIC = NO;
				GCC_NO_COMMON_BLOCKS = YES;
				GCC_OPTIMIZATION_LEVEL = 0;
				GCC_PREPROCESSOR_DEFINITIONS = (
					"DEBUG=1",
					"$(inherited)",
				);
				GCC_WARN_64_TO_32_BIT_CONVERSION = YES;
				GCC_WARN_ABOUT_RETURN_TYPE = YES_ERROR;
				GCC_WARN_UNDECLARED_SELECTOR = YES;
				GCC_WARN_UNINITIALIZED_AUTOS = YES_AGGRESSIVE;
				GCC_WARN_UNUSED_FUNCTION = YES;
				GCC_WARN_UNUSED_VARIABLE = YES;
				IPHONEOS_DEPLOYMENT_TARGET = 17.4;
				LOCALIZATION_PREFERS_STRING_CATALOGS = YES;
				MTL_ENABLE_DEBUG_INFO = INCLUDE_SOURCE;
				MTL_FAST_MATH = YES;
				ONLY_ACTIVE_ARCH = YES;
				SDKROOT = iphoneos;
				SWIFT_ACTIVE_COMPILATION_CONDITIONS = "DEBUG $(inherited)";
				SWIFT_OPTIMIZATION_LEVEL = "-Onone";
			};
			name = Debug;
		};
		67854D3B2B9E29A800626212 /* Release */ = {
			isa = XCBuildConfiguration;
			buildSettings = {
				ALWAYS_SEARCH_USER_PATHS = NO;
				ASSETCATALOG_COMPILER_GENERATE_SWIFT_ASSET_SYMBOL_EXTENSIONS = YES;
				CLANG_ANALYZER_NONNULL = YES;
				CLANG_ANALYZER_NUMBER_OBJECT_CONVERSION = YES_AGGRESSIVE;
				CLANG_CXX_LANGUAGE_STANDARD = "gnu++20";
				CLANG_ENABLE_MODULES = YES;
				CLANG_ENABLE_OBJC_ARC = YES;
				CLANG_ENABLE_OBJC_WEAK = YES;
				CLANG_WARN_BLOCK_CAPTURE_AUTORELEASING = YES;
				CLANG_WARN_BOOL_CONVERSION = YES;
				CLANG_WARN_COMMA = YES;
				CLANG_WARN_CONSTANT_CONVERSION = YES;
				CLANG_WARN_DEPRECATED_OBJC_IMPLEMENTATIONS = YES;
				CLANG_WARN_DIRECT_OBJC_ISA_USAGE = YES_ERROR;
				CLANG_WARN_DOCUMENTATION_COMMENTS = YES;
				CLANG_WARN_EMPTY_BODY = YES;
				CLANG_WARN_ENUM_CONVERSION = YES;
				CLANG_WARN_INFINITE_RECURSION = YES;
				CLANG_WARN_INT_CONVERSION = YES;
				CLANG_WARN_NON_LITERAL_NULL_CONVERSION = YES;
				CLANG_WARN_OBJC_IMPLICIT_RETAIN_SELF = YES;
				CLANG_WARN_OBJC_LITERAL_CONVERSION = YES;
				CLANG_WARN_OBJC_ROOT_CLASS = YES_ERROR;
				CLANG_WARN_QUOTED_INCLUDE_IN_FRAMEWORK_HEADER = YES;
				CLANG_WARN_RANGE_LOOP_ANALYSIS = YES;
				CLANG_WARN_STRICT_PROTOTYPES = YES;
				CLANG_WARN_SUSPICIOUS_MOVE = YES;
				CLANG_WARN_UNGUARDED_AVAILABILITY = YES_AGGRESSIVE;
				CLANG_WARN_UNREACHABLE_CODE = YES;
				CLANG_WARN__DUPLICATE_METHOD_MATCH = YES;
				COPY_PHASE_STRIP = NO;
				DEBUG_INFORMATION_FORMAT = "dwarf-with-dsym";
				ENABLE_NS_ASSERTIONS = NO;
				ENABLE_STRICT_OBJC_MSGSEND = YES;
				ENABLE_USER_SCRIPT_SANDBOXING = YES;
				GCC_C_LANGUAGE_STANDARD = gnu17;
				GCC_NO_COMMON_BLOCKS = YES;
				GCC_WARN_64_TO_32_BIT_CONVERSION = YES;
				GCC_WARN_ABOUT_RETURN_TYPE = YES_ERROR;
				GCC_WARN_UNDECLARED_SELECTOR = YES;
				GCC_WARN_UNINITIALIZED_AUTOS = YES_AGGRESSIVE;
				GCC_WARN_UNUSED_FUNCTION = YES;
				GCC_WARN_UNUSED_VARIABLE = YES;
				IPHONEOS_DEPLOYMENT_TARGET = 17.4;
				LOCALIZATION_PREFERS_STRING_CATALOGS = YES;
				MTL_ENABLE_DEBUG_INFO = NO;
				MTL_FAST_MATH = YES;
				SDKROOT = iphoneos;
				SWIFT_COMPILATION_MODE = wholemodule;
				VALIDATE_PRODUCT = YES;
			};
			name = Release;
		};
		67854D3D2B9E29A800626212 /* Debug */ = {
			isa = XCBuildConfiguration;
			buildSettings = {
				ASSETCATALOG_COMPILER_APPICON_NAME = AppIcon;
				ASSETCATALOG_COMPILER_GLOBAL_ACCENT_COLOR_NAME = AccentColor;
				CODE_SIGN_STYLE = Automatic;
				CURRENT_PROJECT_VERSION = 1;
				DEVELOPMENT_TEAM = 68Z27E7S2D;
				GENERATE_INFOPLIST_FILE = YES;
				INFOPLIST_FILE = BookRepo/Info.plist;
				INFOPLIST_KEY_UIApplicationSupportsIndirectInputEvents = YES;
				INFOPLIST_KEY_UILaunchStoryboardName = LaunchScreen;
				INFOPLIST_KEY_UIMainStoryboardFile = Main;
				INFOPLIST_KEY_UISupportedInterfaceOrientations_iPad = "UIInterfaceOrientationPortrait UIInterfaceOrientationPortraitUpsideDown UIInterfaceOrientationLandscapeLeft UIInterfaceOrientationLandscapeRight";
				INFOPLIST_KEY_UISupportedInterfaceOrientations_iPhone = "UIInterfaceOrientationPortrait UIInterfaceOrientationLandscapeLeft UIInterfaceOrientationLandscapeRight";
				LD_RUNPATH_SEARCH_PATHS = (
					"$(inherited)",
					"@executable_path/Frameworks",
				);
				MARKETING_VERSION = 1.0;
				PRODUCT_BUNDLE_IDENTIFIER = com.BookRepo;
				PRODUCT_NAME = "$(TARGET_NAME)";
				SWIFT_EMIT_LOC_STRINGS = YES;
				SWIFT_VERSION = 5.0;
				TARGETED_DEVICE_FAMILY = "1,2";
			};
			name = Debug;
		};
		67854D3E2B9E29A800626212 /* Release */ = {
			isa = XCBuildConfiguration;
			buildSettings = {
				ASSETCATALOG_COMPILER_APPICON_NAME = AppIcon;
				ASSETCATALOG_COMPILER_GLOBAL_ACCENT_COLOR_NAME = AccentColor;
				CODE_SIGN_STYLE = Automatic;
				CURRENT_PROJECT_VERSION = 1;
				DEVELOPMENT_TEAM = 68Z27E7S2D;
				GENERATE_INFOPLIST_FILE = YES;
				INFOPLIST_FILE = BookRepo/Info.plist;
				INFOPLIST_KEY_UIApplicationSupportsIndirectInputEvents = YES;
				INFOPLIST_KEY_UILaunchStoryboardName = LaunchScreen;
				INFOPLIST_KEY_UIMainStoryboardFile = Main;
				INFOPLIST_KEY_UISupportedInterfaceOrientations_iPad = "UIInterfaceOrientationPortrait UIInterfaceOrientationPortraitUpsideDown UIInterfaceOrientationLandscapeLeft UIInterfaceOrientationLandscapeRight";
				INFOPLIST_KEY_UISupportedInterfaceOrientations_iPhone = "UIInterfaceOrientationPortrait UIInterfaceOrientationLandscapeLeft UIInterfaceOrientationLandscapeRight";
				LD_RUNPATH_SEARCH_PATHS = (
					"$(inherited)",
					"@executable_path/Frameworks",
				);
				MARKETING_VERSION = 1.0;
				PRODUCT_BUNDLE_IDENTIFIER = com.BookRepo;
				PRODUCT_NAME = "$(TARGET_NAME)";
				SWIFT_EMIT_LOC_STRINGS = YES;
				SWIFT_VERSION = 5.0;
				TARGETED_DEVICE_FAMILY = "1,2";
			};
			name = Release;
		};
		67854D402B9E29A800626212 /* Debug */ = {
			isa = XCBuildConfiguration;
			buildSettings = {
				ALWAYS_EMBED_SWIFT_STANDARD_LIBRARIES = YES;
				BUNDLE_LOADER = "$(TEST_HOST)";
				CODE_SIGN_STYLE = Automatic;
				CURRENT_PROJECT_VERSION = 1;
				DEVELOPMENT_TEAM = 68Z27E7S2D;
				GENERATE_INFOPLIST_FILE = YES;
				IPHONEOS_DEPLOYMENT_TARGET = 17.4;
				MARKETING_VERSION = 1.0;
				PRODUCT_BUNDLE_IDENTIFIER = com.BookRepoTests;
				PRODUCT_NAME = "$(TARGET_NAME)";
				SWIFT_EMIT_LOC_STRINGS = NO;
				SWIFT_VERSION = 5.0;
				TARGETED_DEVICE_FAMILY = "1,2";
				TEST_HOST = "$(BUILT_PRODUCTS_DIR)/BookRepo.app/$(BUNDLE_EXECUTABLE_FOLDER_PATH)/BookRepo";
			};
			name = Debug;
		};
		67854D412B9E29A800626212 /* Release */ = {
			isa = XCBuildConfiguration;
			buildSettings = {
				ALWAYS_EMBED_SWIFT_STANDARD_LIBRARIES = YES;
				BUNDLE_LOADER = "$(TEST_HOST)";
				CODE_SIGN_STYLE = Automatic;
				CURRENT_PROJECT_VERSION = 1;
				DEVELOPMENT_TEAM = 68Z27E7S2D;
				GENERATE_INFOPLIST_FILE = YES;
				IPHONEOS_DEPLOYMENT_TARGET = 17.4;
				MARKETING_VERSION = 1.0;
				PRODUCT_BUNDLE_IDENTIFIER = com.BookRepoTests;
				PRODUCT_NAME = "$(TARGET_NAME)";
				SWIFT_EMIT_LOC_STRINGS = NO;
				SWIFT_VERSION = 5.0;
				TARGETED_DEVICE_FAMILY = "1,2";
				TEST_HOST = "$(BUILT_PRODUCTS_DIR)/BookRepo.app/$(BUNDLE_EXECUTABLE_FOLDER_PATH)/BookRepo";
			};
			name = Release;
		};
		67854D432B9E29A800626212 /* Debug */ = {
			isa = XCBuildConfiguration;
			buildSettings = {
				ALWAYS_EMBED_SWIFT_STANDARD_LIBRARIES = YES;
				CODE_SIGN_STYLE = Automatic;
				CURRENT_PROJECT_VERSION = 1;
				DEVELOPMENT_TEAM = 68Z27E7S2D;
				GENERATE_INFOPLIST_FILE = YES;
				MARKETING_VERSION = 1.0;
				PRODUCT_BUNDLE_IDENTIFIER = com.BookRepoUITests;
				PRODUCT_NAME = "$(TARGET_NAME)";
				SWIFT_EMIT_LOC_STRINGS = NO;
				SWIFT_VERSION = 5.0;
				TARGETED_DEVICE_FAMILY = "1,2";
				TEST_TARGET_NAME = BookRepo;
			};
			name = Debug;
		};
		67854D442B9E29A800626212 /* Release */ = {
			isa = XCBuildConfiguration;
			buildSettings = {
				ALWAYS_EMBED_SWIFT_STANDARD_LIBRARIES = YES;
				CODE_SIGN_STYLE = Automatic;
				CURRENT_PROJECT_VERSION = 1;
				DEVELOPMENT_TEAM = 68Z27E7S2D;
				GENERATE_INFOPLIST_FILE = YES;
				MARKETING_VERSION = 1.0;
				PRODUCT_BUNDLE_IDENTIFIER = com.BookRepoUITests;
				PRODUCT_NAME = "$(TARGET_NAME)";
				SWIFT_EMIT_LOC_STRINGS = NO;
				SWIFT_VERSION = 5.0;
				TARGETED_DEVICE_FAMILY = "1,2";
				TEST_TARGET_NAME = BookRepo;
			};
			name = Release;
		};
/* End XCBuildConfiguration section */

/* Begin XCConfigurationList section */
		67854D0D2B9E29A600626212 /* Build configuration list for PBXProject "BookRepo" */ = {
			isa = XCConfigurationList;
			buildConfigurations = (
				67854D3A2B9E29A800626212 /* Debug */,
				67854D3B2B9E29A800626212 /* Release */,
			);
			defaultConfigurationIsVisible = 0;
			defaultConfigurationName = Release;
		};
		67854D3C2B9E29A800626212 /* Build configuration list for PBXNativeTarget "BookRepo" */ = {
			isa = XCConfigurationList;
			buildConfigurations = (
				67854D3D2B9E29A800626212 /* Debug */,
				67854D3E2B9E29A800626212 /* Release */,
			);
			defaultConfigurationIsVisible = 0;
			defaultConfigurationName = Release;
		};
		67854D3F2B9E29A800626212 /* Build configuration list for PBXNativeTarget "BookRepoTests" */ = {
			isa = XCConfigurationList;
			buildConfigurations = (
				67854D402B9E29A800626212 /* Debug */,
				67854D412B9E29A800626212 /* Release */,
			);
			defaultConfigurationIsVisible = 0;
			defaultConfigurationName = Release;
		};
		67854D422B9E29A800626212 /* Build configuration list for PBXNativeTarget "BookRepoUITests" */ = {
			isa = XCConfigurationList;
			buildConfigurations = (
				67854D432B9E29A800626212 /* Debug */,
				67854D442B9E29A800626212 /* Release */,
			);
			defaultConfigurationIsVisible = 0;
			defaultConfigurationName = Release;
		};
/* End XCConfigurationList section */
	};
	rootObject = 67854D0A2B9E29A600626212 /* Project object */;
}
